Microsoft Visual Studio Solution File, Format Version 12.00
# Visual Studio Version 17
VisualStudioVersion = 17.5.2.0
MinimumVisualStudioVersion = 10.0.40219.1
Project("{FAE04EC0-301F-11D3-BF4B-00C04F79EFBC}") = "SalesFormApp", "SalesFormApp.csproj", "{63A86BB4-3DF8-EA64-FCC1-E3D1006E4166}"
EndProject
Global
	GlobalSection(SolutionConfigurationPlatforms) = preSolution
		Debug|Any CPU = Debug|Any CPU
		Release|Any CPU = Release|Any CPU
	EndGlobalSection
	GlobalSection(ProjectConfigurationPlatforms) = postSolution
		{63A86BB4-3DF8-EA64-FCC1-E3D1006E4166}.Debug|Any CPU.ActiveCfg = Debug|Any CPU
		{63A86BB4-3DF8-EA64-FCC1-E3D1006E4166}.Debug|Any CPU.Build.0 = Debug|Any CPU
		{63A86BB4-3DF8-EA64-FCC1-E3D1006E4166}.Release|Any CPU.ActiveCfg = Release|Any CPU
		{63A86BB4-3DF8-EA64-FCC1-E3D1006E4166}.Release|Any CPU.Build.0 = Release|Any CPU
	EndGlobalSection
	GlobalSection(SolutionProperties) = preSolution
		HideSolutionNode = FALSE
	EndGlobalSection
	GlobalSection(ExtensibilityGlobals) = postSolution
		SolutionGuid = {6B0AABEB-A7F3-4EC6-A9AF-6B44DAFB2DAE}
	EndGlobalSection
EndGlobal
